// !$*UTF8*$!
{
	archiveVersion = 1;
	classes = {
	};
	objectVersion = 46;
	objects = {

/* Begin PBXBuildFile section */
		2200B1361C8AC25F00808B5E /* AppDelegate.swift in Sources */ = {isa = PBXBuildFile; fileRef = 2200B1351C8AC25F00808B5E /* AppDelegate.swift */; };
		2200B13D1C8AC25F00808B5E /* Assets.xcassets in Resources */ = {isa = PBXBuildFile; fileRef = 2200B13C1C8AC25F00808B5E /* Assets.xcassets */; };
		2200B1521C8B258000808B5E /* MainViewController.swift in Sources */ = {isa = PBXBuildFile; fileRef = 2200B1511C8B258000808B5E /* MainViewController.swift */; };
		2200B1541C8B260C00808B5E /* HomeTableViewController.swift in Sources */ = {isa = PBXBuildFile; fileRef = 2200B1531C8B260C00808B5E /* HomeTableViewController.swift */; };
		2200B1561C8B263C00808B5E /* MessageTableViewController.swift in Sources */ = {isa = PBXBuildFile; fileRef = 2200B1551C8B263C00808B5E /* MessageTableViewController.swift */; };
		22930A751C8B2D7D0091DD1E /* DiscoverTableViewController.swift in Sources */ = {isa = PBXBuildFile; fileRef = 22930A741C8B2D7D0091DD1E /* DiscoverTableViewController.swift */; };
		22930A771C8B2D8C0091DD1E /* ProfileTableViewController.swift in Sources */ = {isa = PBXBuildFile; fileRef = 22930A761C8B2D8C0091DD1E /* ProfileTableViewController.swift */; };
		22930A791C8BC3DE0091DD1E /* MainTabBar.swift in Sources */ = {isa = PBXBuildFile; fileRef = 22930A781C8BC3DE0091DD1E /* MainTabBar.swift */; };
		22930A7C1C8C09480091DD1E /* BaseTableViewController.swift in Sources */ = {isa = PBXBuildFile; fileRef = 22930A7B1C8C09480091DD1E /* BaseTableViewController.swift */; };
		22930A7F1C8C19810091DD1E /* VisitorLoginView.swift in Sources */ = {isa = PBXBuildFile; fileRef = 22930A7E1C8C19810091DD1E /* VisitorLoginView.swift */; };
/* End PBXBuildFile section */

/* Begin PBXFileReference section */
		2200B1321C8AC25F00808B5E /* iOSDesign.app */ = {isa = PBXFileReference; explicitFileType = wrapper.application; includeInIndex = 0; path = iOSDesign.app; sourceTree = BUILT_PRODUCTS_DIR; };
		2200B1351C8AC25F00808B5E /* AppDelegate.swift */ = {isa = PBXFileReference; lastKnownFileType = sourcecode.swift; path = AppDelegate.swift; sourceTree = "<group>"; };
		2200B13C1C8AC25F00808B5E /* Assets.xcassets */ = {isa = PBXFileReference; lastKnownFileType = folder.assetcatalog; path = Assets.xcassets; sourceTree = "<group>"; };
		2200B1411C8AC25F00808B5E /* Info.plist */ = {isa = PBXFileReference; lastKnownFileType = text.plist.xml; path = Info.plist; sourceTree = "<group>"; };
		2200B1511C8B258000808B5E /* MainViewController.swift */ = {isa = PBXFileReference; fileEncoding = 4; lastKnownFileType = sourcecode.swift; path = MainViewController.swift; sourceTree = "<group>"; };
		2200B1531C8B260C00808B5E /* HomeTableViewController.swift */ = {isa = PBXFileReference; fileEncoding = 4; lastKnownFileType = sourcecode.swift; path = HomeTableViewController.swift; sourceTree = "<group>"; };
		2200B1551C8B263C00808B5E /* MessageTableViewController.swift */ = {isa = PBXFileReference; fileEncoding = 4; lastKnownFileType = sourcecode.swift; path = MessageTableViewController.swift; sourceTree = "<group>"; };
		22930A741C8B2D7D0091DD1E /* DiscoverTableViewController.swift */ = {isa = PBXFileReference; fileEncoding = 4; lastKnownFileType = sourcecode.swift; path = DiscoverTableViewController.swift; sourceTree = "<group>"; };
		22930A761C8B2D8C0091DD1E /* ProfileTableViewController.swift */ = {isa = PBXFileReference; fileEncoding = 4; lastKnownFileType = sourcecode.swift; path = ProfileTableViewController.swift; sourceTree = "<group>"; };
		22930A781C8BC3DE0091DD1E /* MainTabBar.swift */ = {isa = PBXFileReference; fileEncoding = 4; lastKnownFileType = sourcecode.swift; path = MainTabBar.swift; sourceTree = "<group>"; };
		22930A7B1C8C09480091DD1E /* BaseTableViewController.swift */ = {isa = PBXFileReference; fileEncoding = 4; lastKnownFileType = sourcecode.swift; path = BaseTableViewController.swift; sourceTree = "<group>"; };
		22930A7E1C8C19810091DD1E /* VisitorLoginView.swift */ = {isa = PBXFileReference; fileEncoding = 4; lastKnownFileType = sourcecode.swift; path = VisitorLoginView.swift; sourceTree = "<group>"; };
/* End PBXFileReference section */

/* Begin PBXFrameworksBuildPhase section */
		2200B12F1C8AC25F00808B5E /* Frameworks */ = {
			isa = PBXFrameworksBuildPhase;
			buildActionMask = 2147483647;
			files = (
			);
			runOnlyForDeploymentPostprocessing = 0;
		};
/* End PBXFrameworksBuildPhase section */

/* Begin PBXGroup section */
		2200B1291C8AC25F00808B5E = {
			isa = PBXGroup;
			children = (
				2200B1341C8AC25F00808B5E /* iOSDesign */,
				2200B1331C8AC25F00808B5E /* Products */,
			);
			sourceTree = "<group>";
		};
		2200B1331C8AC25F00808B5E /* Products */ = {
			isa = PBXGroup;
			children = (
				2200B1321C8AC25F00808B5E /* iOSDesign.app */,
			);
			name = Products;
			sourceTree = "<group>";
		};
		2200B1341C8AC25F00808B5E /* iOSDesign */ = {
			isa = PBXGroup;
			children = (
				2200B1471C8B243200808B5E /* Classes */,
				2200B1351C8AC25F00808B5E /* AppDelegate.swift */,
				2200B13C1C8AC25F00808B5E /* Assets.xcassets */,
				2200B1411C8AC25F00808B5E /* Info.plist */,
			);
			path = iOSDesign;
			sourceTree = "<group>";
		};
		2200B1471C8B243200808B5E /* Classes */ = {
			isa = PBXGroup;
			children = (
				2200B1491C8B243200808B5E /* Module */,
				2200B1481C8B243200808B5E /* Model */,
				2200B1501C8B243200808B5E /* ViewModel */,
				2200B14F1C8B243200808B5E /* Tools */,
			);
			path = Classes;
			sourceTree = "<group>";
		};
		2200B1481C8B243200808B5E /* Model */ = {
			isa = PBXGroup;
			children = (
			);
			path = Model;
			sourceTree = "<group>";
		};
		2200B1491C8B243200808B5E /* Module */ = {
			isa = PBXGroup;
			children = (
				22930A7A1C8C08530091DD1E /* Base */,
				2200B14C1C8B243200808B5E /* Main */,
				2200B14B1C8B243200808B5E /* Home */,
				2200B14D1C8B243200808B5E /* Message */,
				2200B14A1C8B243200808B5E /* Discover */,
				2200B14E1C8B243200808B5E /* Profile */,
			);
			path = Module;
			sourceTree = "<group>";
		};
		2200B14A1C8B243200808B5E /* Discover */ = {
			isa = PBXGroup;
			children = (
				22930A741C8B2D7D0091DD1E /* DiscoverTableViewController.swift */,
			);
			path = Discover;
			sourceTree = "<group>";
		};
		2200B14B1C8B243200808B5E /* Home */ = {
			isa = PBXGroup;
			children = (
				2200B1531C8B260C00808B5E /* HomeTableViewController.swift */,
			);
			path = Home;
			sourceTree = "<group>";
		};
		2200B14C1C8B243200808B5E /* Main */ = {
			isa = PBXGroup;
			children = (
				2200B1511C8B258000808B5E /* MainViewController.swift */,
				22930A781C8BC3DE0091DD1E /* MainTabBar.swift */,
			);
			path = Main;
			sourceTree = "<group>";
		};
		2200B14D1C8B243200808B5E /* Message */ = {
			isa = PBXGroup;
			children = (
				2200B1551C8B263C00808B5E /* MessageTableViewController.swift */,
			);
			path = Message;
			sourceTree = "<group>";
		};
		2200B14E1C8B243200808B5E /* Profile */ = {
			isa = PBXGroup;
			children = (
				22930A761C8B2D8C0091DD1E /* ProfileTableViewController.swift */,
			);
			path = Profile;
			sourceTree = "<group>";
		};
		2200B14F1C8B243200808B5E /* Tools */ = {
			isa = PBXGroup;
			children = (
			);
			path = Tools;
			sourceTree = "<group>";
		};
		2200B1501C8B243200808B5E /* ViewModel */ = {
			isa = PBXGroup;
			children = (
			);
			path = ViewModel;
			sourceTree = "<group>";
		};
		22930A7A1C8C08530091DD1E /* Base */ = {
			isa = PBXGroup;
			children = (
				22930A7D1C8C190E0091DD1E /* VisitorLoginView */,
				22930A7B1C8C09480091DD1E /* BaseTableViewController.swift */,
			);
			path = Base;
			sourceTree = "<group>";
		};
		22930A7D1C8C190E0091DD1E /* VisitorLoginView */ = {
			isa = PBXGroup;
			children = (
				22930A7E1C8C19810091DD1E /* VisitorLoginView.swift */,
			);
			path = VisitorLoginView;
			sourceTree = "<group>";
		};
/* End PBXGroup section */

/* Begin PBXNativeTarget section */
		2200B1311C8AC25F00808B5E /* iOSDesign */ = {
			isa = PBXNativeTarget;
			buildConfigurationList = 2200B1441C8AC25F00808B5E /* Build configuration list for PBXNativeTarget "iOSDesign" */;
			buildPhases = (
				2200B12E1C8AC25F00808B5E /* Sources */,
				2200B12F1C8AC25F00808B5E /* Frameworks */,
				2200B1301C8AC25F00808B5E /* Resources */,
			);
			buildRules = (
			);
			dependencies = (
			);
			name = iOSDesign;
			productName = iOSDesign;
			productReference = 2200B1321C8AC25F00808B5E /* iOSDesign.app */;
			productType = "com.apple.product-type.application";
		};
/* End PBXNativeTarget section */

/* Begin PBXProject section */
		2200B12A1C8AC25F00808B5E /* Project object */ = {
			isa = PBXProject;
			attributes = {
				LastSwiftUpdateCheck = 0720;
				LastUpgradeCheck = 0720;
				ORGANIZATIONNAME = sam;
				TargetAttributes = {
					2200B1311C8AC25F00808B5E = {
						CreatedOnToolsVersion = 7.2.1;
						DevelopmentTeam = CJ4JBPGH72;
					};
				};
			};
			buildConfigurationList = 2200B12D1C8AC25F00808B5E /* Build configuration list for PBXProject "iOSDesign" */;
			compatibilityVersion = "Xcode 3.2";
			developmentRegion = English;
			hasScannedForEncodings = 0;
			knownRegions = (
				en,
				Base,
			);
			mainGroup = 2200B1291C8AC25F00808B5E;
			productRefGroup = 2200B1331C8AC25F00808B5E /* Products */;
			projectDirPath = "";
			projectRoot = "";
			targets = (
				2200B1311C8AC25F00808B5E /* iOSDesign */,
			);
		};
/* End PBXProject section */

/* Begin PBXResourcesBuildPhase section */
		2200B1301C8AC25F00808B5E /* Resources */ = {
			isa = PBXResourcesBuildPhase;
			buildActionMask = 2147483647;
			files = (
				2200B13D1C8AC25F00808B5E /* Assets.xcassets in Resources */,
			);
			runOnlyForDeploymentPostprocessing = 0;
		};
/* End PBXResourcesBuildPhase section */

/* Begin PBXSourcesBuildPhase section */
		2200B12E1C8AC25F00808B5E /* Sources */ = {
			isa = PBXSourcesBuildPhase;
			buildActionMask = 2147483647;
			files = (
				22930A771C8B2D8C0091DD1E /* ProfileTableViewController.swift in Sources */,
				2200B1541C8B260C00808B5E /* HomeTableViewController.swift in Sources */,
				22930A7C1C8C09480091DD1E /* BaseTableViewController.swift in Sources */,
				22930A791C8BC3DE0091DD1E /* MainTabBar.swift in Sources */,
				2200B1361C8AC25F00808B5E /* AppDelegate.swift in Sources */,
				2200B1561C8B263C00808B5E /* MessageTableViewController.swift in Sources */,
				22930A751C8B2D7D0091DD1E /* DiscoverTableViewController.swift in Sources */,
				22930A7F1C8C19810091DD1E /* VisitorLoginView.swift in Sources */,
				2200B1521C8B258000808B5E /* MainViewController.swift in Sources */,
			);
			runOnlyForDeploymentPostprocessing = 0;
		};
/* End PBXSourcesBuildPhase section */

/* Begin XCBuildConfiguration section */
		2200B1421C8AC25F00808B5E /* Debug */ = {
			isa = XCBuildConfiguration;
			buildSettings = {
				ALWAYS_SEARCH_USER_PATHS = NO;
				CLANG_CXX_LANGUAGE_STANDARD = "gnu++0x";
				CLANG_CXX_LIBRARY = "libc++";
				CLANG_ENABLE_MODULES = YES;
				CLANG_ENABLE_OBJC_ARC = YES;
				CLANG_WARN_BOOL_CONVERSION = YES;
				CLANG_WARN_CONSTANT_CONVERSION = YES;
				CLANG_WARN_DIRECT_OBJC_ISA_USAGE = YES_ERROR;
				CLANG_WARN_EMPTY_BODY = YES;
				CLANG_WARN_ENUM_CONVERSION = YES;
				CLANG_WARN_INT_CONVERSION = YES;
				CLANG_WARN_OBJC_ROOT_CLASS = YES_ERROR;
				CLANG_WARN_UNREACHABLE_CODE = YES;
				CLANG_WARN__DUPLICATE_METHOD_MATCH = YES;
				"CODE_SIGN_IDENTITY[sdk=iphoneos*]" = "iPhone Developer";
				COPY_PHASE_STRIP = NO;
				DEBUG_INFORMATION_FORMAT = dwarf;
				ENABLE_STRICT_OBJC_MSGSEND = YES;
				ENABLE_TESTABILITY = YES;
				GCC_C_LANGUAGE_STANDARD = gnu99;
				GCC_DYNAMIC_NO_PIC = NO;
				GCC_NO_COMMON_BLOCKS = YES;
				GCC_OPTIMIZATION_LEVEL = 0;
				GCC_PREPROCESSOR_DEFINITIONS = (
					"DEBUG=1",
					"$(inherited)",
				);
				GCC_WARN_64_TO_32_BIT_CONVERSION = YES;
				GCC_WARN_ABOUT_RETURN_TYPE = YES_ERROR;
				GCC_WARN_UNDECLARED_SELECTOR = YES;
				GCC_WARN_UNINITIALIZED_AUTOS = YES_AGGRESSIVE;
				GCC_WARN_UNUSED_FUNCTION = YES;
				GCC_WARN_UNUSED_VARIABLE = YES;
				IPHONEOS_DEPLOYMENT_TARGET = 9.2;
				MTL_ENABLE_DEBUG_INFO = YES;
				ONLY_ACTIVE_ARCH = YES;
				SDKROOT = iphoneos;
				SWIFT_OPTIMIZATION_LEVEL = "-Onone";
			};
			name = Debug;
		};
		2200B1431C8AC25F00808B5E /* Release */ = {
			isa = XCBuildConfiguration;
			buildSettings = {
				ALWAYS_SEARCH_USER_PATHS = NO;
				CLANG_CXX_LANGUAGE_STANDARD = "gnu++0x";
				CLANG_CXX_LIBRARY = "libc++";
				CLANG_ENABLE_MODULES = YES;
				CLANG_ENABLE_OBJC_ARC = YES;
				CLANG_WARN_BOOL_CONVERSION = YES;
				CLANG_WARN_CONSTANT_CONVERSION = YES;
				CLANG_WARN_DIRECT_OBJC_ISA_USAGE = YES_ERROR;
				CLANG_WARN_EMPTY_BODY = YES;
				CLANG_WARN_ENUM_CONVERSION = YES;
				CLANG_WARN_INT_CONVERSION = YES;
				CLANG_WARN_OBJC_ROOT_CLASS = YES_ERROR;
				CLANG_WARN_UNREACHABLE_CODE = YES;
				CLANG_WARN__DUPLICATE_METHOD_MATCH = YES;
				"CODE_SIGN_IDENTITY[sdk=iphoneos*]" = "iPhone Developer";
				COPY_PHASE_STRIP = NO;
				DEBUG_INFORMATION_FORMAT = "dwarf-with-dsym";
				ENABLE_NS_ASSERTIONS = NO;
				ENABLE_STRICT_OBJC_MSGSEND = YES;
				GCC_C_LANGUAGE_STANDARD = gnu99;
				GCC_NO_COMMON_BLOCKS = YES;
				GCC_WARN_64_TO_32_BIT_CONVERSION = YES;
				GCC_WARN_ABOUT_RETURN_TYPE = YES_ERROR;
				GCC_WARN_UNDECLARED_SELECTOR = YES;
				GCC_WARN_UNINITIALIZED_AUTOS = YES_AGGRESSIVE;
				GCC_WARN_UNUSED_FUNCTION = YES;
				GCC_WARN_UNUSED_VARIABLE = YES;
				IPHONEOS_DEPLOYMENT_TARGET = 9.2;
				MTL_ENABLE_DEBUG_INFO = NO;
				SDKROOT = iphoneos;
				VALIDATE_PRODUCT = YES;
			};
			name = Release;
		};
		2200B1451C8AC25F00808B5E /* Debug */ = {
			isa = XCBuildConfiguration;
			buildSettings = {
				ASSETCATALOG_COMPILER_APPICON_NAME = AppIcon;
				ASSETCATALOG_COMPILER_LAUNCHIMAGE_NAME = "Brand Assets";
				INFOPLIST_FILE = iOSDesign/Info.plist;
				IPHONEOS_DEPLOYMENT_TARGET = 8.0;
				LD_RUNPATH_SEARCH_PATHS = "$(inherited) @executable_path/Frameworks";
				PRODUCT_BUNDLE_IDENTIFIER = com.aikan.iOSDesign;
				PRODUCT_NAME = "$(TARGET_NAME)";
				TARGETED_DEVICE_FAMILY = 1;
			};
			name = Debug;
		};
		2200B1461C8AC25F00808B5E /* Release */ = {
			isa = XCBuildConfiguration;
			buildSettings = {
				ASSETCATALOG_COMPILER_APPICON_NAME = AppIcon;
				ASSETCATALOG_COMPILER_LAUNCHIMAGE_NAME = "Brand Assets";
				INFOPLIST_FILE = iOSDesign/Info.plist;
				IPHONEOS_DEPLOYMENT_TARGET = 8.0;
				LD_RUNPATH_SEARCH_PATHS = "$(inherited) @executable_path/Frameworks";
				PRODUCT_BUNDLE_IDENTIFIER = com.aikan.iOSDesign;
				PRODUCT_NAME = "$(TARGET_NAME)";
				TARGETED_DEVICE_FAMILY = 1;
			};
			name = Release;
		};
/* End XCBuildConfiguration section */

/* Begin XCConfigurationList section */
		2200B12D1C8AC25F00808B5E /* Build configuration list for PBXProject "iOSDesign" */ = {
			isa = XCConfigurationList;
			buildConfigurations = (
				2200B1421C8AC25F00808B5E /* Debug */,
				2200B1431C8AC25F00808B5E /* Release */,
			);
			defaultConfigurationIsVisible = 0;
			defaultConfigurationName = Release;
		};
		2200B1441C8AC25F00808B5E /* Build configuration list for PBXNativeTarget "iOSDesign" */ = {
			isa = XCConfigurationList;
			buildConfigurations = (
				2200B1451C8AC25F00808B5E /* Debug */,
				2200B1461C8AC25F00808B5E /* Release */,
			);
			defaultConfigurationIsVisible = 0;
			defaultConfigurationName = Release;
		};
/* End XCConfigurationList section */
	};
	rootObject = 2200B12A1C8AC25F00808B5E /* Project object */;
}
